{
  "version": "3",
  "remote": {
    "https://cdn.jsdelivr.net/gh/Byzanteam/breeze-ts-types@67d4db8893ab83171183d07dd208db056188fb46/lib/runtime.ts": "ff2f817652120a33b5d8971ce21928ddeec16139bba7cfd2dd20600055d01485",
    "https://cdn.jsdelivr.net/gh/Byzanteam/breeze-ts-types@67d4db8893ab83171183d07dd208db056188fb46/lib/url.ts": "9bd964c206bf94807e22d4851ec4ce18aa8b887d02307a8cd4ee80894558b03c"
  }
}
