{
  "version": "3",
  "remote": {
    "https://cdn.jsdelivr.net/gh/Byzanteam/breeze-js@latest/lib/runtime.ts": "ff2f817652120a33b5d8971ce21928ddeec16139bba7cfd2dd20600055d01485",
    "https://cdn.jsdelivr.net/gh/Byzanteam/breeze-js@latest/lib/url.ts": "82ce34a50847547eb70391e543dbe29423281fc77822621127a5f609ba8de415"
  }
}
